
Microsoft Visual Studio Solution File, Format Version 12.00
# Visual Studio 14
VisualStudioVersion = 14.0.25420.1
MinimumVisualStudioVersion = 10.0.40219.1
Project("{FAE04EC0-301F-11D3-BF4B-00C04F79EFBC}") = "CommonObjects", "..\web_server (OPS)\CommonObjects\CommonObjects.csproj", "{0808A0B9-E61C-4B13-A677-A1081F824143}"
EndProject
Project("{FAE04EC0-301F-11D3-BF4B-00C04F79EFBC}") = "TestWebSocketClient", "TestWebSocketClient\TestWebSocketClient.csproj", "{562F551B-1DCC-483C-8A46-A2105E006BD5}"
EndProject
Global
	GlobalSection(SolutionConfigurationPlatforms) = preSolution
		Debug|Any CPU = Debug|Any CPU
		Release|Any CPU = Release|Any CPU
	EndGlobalSection
	GlobalSection(ProjectConfigurationPlatforms) = postSolution
		{0808A0B9-E61C-4B13-A677-A1081F824143}.Debug|Any CPU.ActiveCfg = Debug|Any CPU
		{0808A0B9-E61C-4B13-A677-A1081F824143}.Debug|Any CPU.Build.0 = Debug|Any CPU
		{0808A0B9-E61C-4B13-A677-A1081F824143}.Release|Any CPU.ActiveCfg = Release|Any CPU
		{0808A0B9-E61C-4B13-A677-A1081F824143}.Release|Any CPU.Build.0 = Release|Any CPU
		{562F551B-1DCC-483C-8A46-A2105E006BD5}.Debug|Any CPU.ActiveCfg = Debug|Any CPU
		{562F551B-1DCC-483C-8A46-A2105E006BD5}.Debug|Any CPU.Build.0 = Debug|Any CPU
		{562F551B-1DCC-483C-8A46-A2105E006BD5}.Release|Any CPU.ActiveCfg = Release|Any CPU
		{562F551B-1DCC-483C-8A46-A2105E006BD5}.Release|Any CPU.Build.0 = Release|Any CPU
	EndGlobalSection
	GlobalSection(SolutionProperties) = preSolution
		HideSolutionNode = FALSE
	EndGlobalSection
EndGlobal
